
Microsoft Visual Studio Solution File, Format Version 12.00
# Visual Studio 15
VisualStudioVersion = 15.0.27428.2027
MinimumVisualStudioVersion = 10.0.40219.1
Project("{8BC9CEB8-8B4A-11D0-8D11-00A0C91BC942}") = "RSA", "RSA\RSA.vcxproj", "{0A224805-49E9-4090-9F3B-210C2B3FBC18}"
EndProject
Global
	GlobalSection(SolutionConfigurationPlatforms) = preSolution
		Debug|x64 = Debug|x64
		Debug|x86 = Debug|x86
		Release|x64 = Release|x64
		Release|x86 = Release|x86
	EndGlobalSection
	GlobalSection(ProjectConfigurationPlatforms) = postSolution
		{0A224805-49E9-4090-9F3B-210C2B3FBC18}.Debug|x64.ActiveCfg = Debug|x64
		{0A224805-49E9-4090-9F3B-210C2B3FBC18}.Debug|x64.Build.0 = Debug|x64
		{0A224805-49E9-4090-9F3B-210C2B3FBC18}.Debug|x86.ActiveCfg = Debug|Win32
		{0A224805-49E9-4090-9F3B-210C2B3FBC18}.Debug|x86.Build.0 = Debug|Win32
		{0A224805-49E9-4090-9F3B-210C2B3FBC18}.Release|x64.ActiveCfg = Release|x64
		{0A224805-49E9-4090-9F3B-210C2B3FBC18}.Release|x64.Build.0 = Release|x64
		{0A224805-49E9-4090-9F3B-210C2B3FBC18}.Release|x86.ActiveCfg = Release|Win32
		{0A224805-49E9-4090-9F3B-210C2B3FBC18}.Release|x86.Build.0 = Release|Win32
	EndGlobalSection
	GlobalSection(SolutionProperties) = preSolution
		HideSolutionNode = FALSE
	EndGlobalSection
	GlobalSection(ExtensibilityGlobals) = postSolution
		SolutionGuid = {B61B3D63-96F2-4CFE-B651-AE16D0EF0CD4}
	EndGlobalSection
EndGlobal
